// !$*UTF8*$!
{
	archiveVersion = 1;
	classes = {
	};
	objectVersion = 56;
	objects = {

/* Begin PBXBuildFile section */
		C4F3E0742C534FB900D27D3F /* AppDelegate.swift in Sources */ = {isa = PBXBuildFile; fileRef = C4F3E0732C534FB900D27D3F /* AppDelegate.swift */; };
		C4F3E0762C534FB900D27D3F /* SceneDelegate.swift in Sources */ = {isa = PBXBuildFile; fileRef = C4F3E0752C534FB900D27D3F /* SceneDelegate.swift */; };
		C4F3E07B2C534FB900D27D3F /* Base in Resources */ = {isa = PBXBuildFile; fileRef = C4F3E07A2C534FB900D27D3F /* Base */; };
		C4F3E07D2C534FBA00D27D3F /* Assets.xcassets in Resources */ = {isa = PBXBuildFile; fileRef = C4F3E07C2C534FBA00D27D3F /* Assets.xcassets */; };
		C4F3E0802C534FBA00D27D3F /* Base in Resources */ = {isa = PBXBuildFile; fileRef = C4F3E07F2C534FBA00D27D3F /* Base */; };
		C4F3E0892C53F8D400D27D3F /* MovieDetails.swift in Sources */ = {isa = PBXBuildFile; fileRef = C4F3E0882C53F8D400D27D3F /* MovieDetails.swift */; };
		C4F3E08B2C53FB8600D27D3F /* APIManager.swift in Sources */ = {isa = PBXBuildFile; fileRef = C4F3E08A2C53FB8600D27D3F /* APIManager.swift */; };
		C4F3E08D2C53FDA700D27D3F /* Constants.swift in Sources */ = {isa = PBXBuildFile; fileRef = C4F3E08C2C53FDA700D27D3F /* Constants.swift */; };
		C4F3E0912C54CA3A00D27D3F /* MovieCollectionViewCell.swift in Sources */ = {isa = PBXBuildFile; fileRef = C4F3E08F2C54CA3A00D27D3F /* MovieCollectionViewCell.swift */; };
		C4F3E0922C54CA3A00D27D3F /* MovieCollectionViewCell.xib in Resources */ = {isa = PBXBuildFile; fileRef = C4F3E0902C54CA3A00D27D3F /* MovieCollectionViewCell.xib */; };
		C4F3E0952C54D07400D27D3F /* HomeSearchVC.swift in Sources */ = {isa = PBXBuildFile; fileRef = C4F3E0942C54D07400D27D3F /* HomeSearchVC.swift */; };
		C4F3E0982C54D71F00D27D3F /* HomeViewModel.swift in Sources */ = {isa = PBXBuildFile; fileRef = C4F3E0972C54D71F00D27D3F /* HomeViewModel.swift */; };
		C4F3E09A2C55157B00D27D3F /* MovieSearch.swift in Sources */ = {isa = PBXBuildFile; fileRef = C4F3E0992C55157B00D27D3F /* MovieSearch.swift */; };
		C4F3E09D2C552EFE00D27D3F /* UIImageViewHelper.swift in Sources */ = {isa = PBXBuildFile; fileRef = C4F3E09C2C552EFE00D27D3F /* UIImageViewHelper.swift */; };
		C4F3E09F2C560BF300D27D3F /* MovieDetailVC.swift in Sources */ = {isa = PBXBuildFile; fileRef = C4F3E09E2C560BF300D27D3F /* MovieDetailVC.swift */; };
		C4F3E0A12C56101F00D27D3F /* Movie.swift in Sources */ = {isa = PBXBuildFile; fileRef = C4F3E0A02C56101F00D27D3F /* Movie.swift */; };
		C4F3E0A32C5613EA00D27D3F /* MovieDetailViewModel.swift in Sources */ = {isa = PBXBuildFile; fileRef = C4F3E0A22C5613EA00D27D3F /* MovieDetailViewModel.swift */; };
		C4F3E0A62C564DC100D27D3F /* MovieDetailTableCell.swift in Sources */ = {isa = PBXBuildFile; fileRef = C4F3E0A42C564DC100D27D3F /* MovieDetailTableCell.swift */; };
		C4F3E0A72C564DC100D27D3F /* MovieDetailTableCell.xib in Resources */ = {isa = PBXBuildFile; fileRef = C4F3E0A52C564DC100D27D3F /* MovieDetailTableCell.xib */; };
/* End PBXBuildFile section */

/* Begin PBXFileReference section */
		C4F3E0702C534FB900D27D3F /* MovieDirectory.app */ = {isa = PBXFileReference; explicitFileType = wrapper.application; includeInIndex = 0; path = MovieDirectory.app; sourceTree = BUILT_PRODUCTS_DIR; };
		C4F3E0732C534FB900D27D3F /* AppDelegate.swift */ = {isa = PBXFileReference; lastKnownFileType = sourcecode.swift; path = AppDelegate.swift; sourceTree = "<group>"; };
		C4F3E0752C534FB900D27D3F /* SceneDelegate.swift */ = {isa = PBXFileReference; lastKnownFileType = sourcecode.swift; path = SceneDelegate.swift; sourceTree = "<group>"; };
		C4F3E07A2C534FB900D27D3F /* Base */ = {isa = PBXFileReference; lastKnownFileType = file.storyboard; name = Base; path = Base.lproj/Main.storyboard; sourceTree = "<group>"; };
		C4F3E07C2C534FBA00D27D3F /* Assets.xcassets */ = {isa = PBXFileReference; lastKnownFileType = folder.assetcatalog; path = Assets.xcassets; sourceTree = "<group>"; };
		C4F3E07F2C534FBA00D27D3F /* Base */ = {isa = PBXFileReference; lastKnownFileType = file.storyboard; name = Base; path = Base.lproj/LaunchScreen.storyboard; sourceTree = "<group>"; };
		C4F3E0812C534FBA00D27D3F /* Info.plist */ = {isa = PBXFileReference; lastKnownFileType = text.plist.xml; path = Info.plist; sourceTree = "<group>"; };
		C4F3E0882C53F8D400D27D3F /* MovieDetails.swift */ = {isa = PBXFileReference; lastKnownFileType = sourcecode.swift; path = MovieDetails.swift; sourceTree = "<group>"; };
		C4F3E08A2C53FB8600D27D3F /* APIManager.swift */ = {isa = PBXFileReference; lastKnownFileType = sourcecode.swift; path = APIManager.swift; sourceTree = "<group>"; };
		C4F3E08C2C53FDA700D27D3F /* Constants.swift */ = {isa = PBXFileReference; lastKnownFileType = sourcecode.swift; path = Constants.swift; sourceTree = "<group>"; };
		C4F3E08F2C54CA3A00D27D3F /* MovieCollectionViewCell.swift */ = {isa = PBXFileReference; lastKnownFileType = sourcecode.swift; path = MovieCollectionViewCell.swift; sourceTree = "<group>"; };
		C4F3E0902C54CA3A00D27D3F /* MovieCollectionViewCell.xib */ = {isa = PBXFileReference; lastKnownFileType = file.xib; path = MovieCollectionViewCell.xib; sourceTree = "<group>"; };
		C4F3E0942C54D07400D27D3F /* HomeSearchVC.swift */ = {isa = PBXFileReference; lastKnownFileType = sourcecode.swift; path = HomeSearchVC.swift; sourceTree = "<group>"; };
		C4F3E0972C54D71F00D27D3F /* HomeViewModel.swift */ = {isa = PBXFileReference; lastKnownFileType = sourcecode.swift; path = HomeViewModel.swift; sourceTree = "<group>"; };
		C4F3E0992C55157B00D27D3F /* MovieSearch.swift */ = {isa = PBXFileReference; lastKnownFileType = sourcecode.swift; path = MovieSearch.swift; sourceTree = "<group>"; };
		C4F3E09C2C552EFE00D27D3F /* UIImageViewHelper.swift */ = {isa = PBXFileReference; lastKnownFileType = sourcecode.swift; path = UIImageViewHelper.swift; sourceTree = "<group>"; };
		C4F3E09E2C560BF300D27D3F /* MovieDetailVC.swift */ = {isa = PBXFileReference; lastKnownFileType = sourcecode.swift; path = MovieDetailVC.swift; sourceTree = "<group>"; };
		C4F3E0A02C56101F00D27D3F /* Movie.swift */ = {isa = PBXFileReference; lastKnownFileType = sourcecode.swift; path = Movie.swift; sourceTree = "<group>"; };
		C4F3E0A22C5613EA00D27D3F /* MovieDetailViewModel.swift */ = {isa = PBXFileReference; lastKnownFileType = sourcecode.swift; path = MovieDetailViewModel.swift; sourceTree = "<group>"; };
		C4F3E0A42C564DC100D27D3F /* MovieDetailTableCell.swift */ = {isa = PBXFileReference; lastKnownFileType = sourcecode.swift; path = MovieDetailTableCell.swift; sourceTree = "<group>"; };
		C4F3E0A52C564DC100D27D3F /* MovieDetailTableCell.xib */ = {isa = PBXFileReference; lastKnownFileType = file.xib; path = MovieDetailTableCell.xib; sourceTree = "<group>"; };
/* End PBXFileReference section */

/* Begin PBXFrameworksBuildPhase section */
		C4F3E06D2C534FB900D27D3F /* Frameworks */ = {
			isa = PBXFrameworksBuildPhase;
			buildActionMask = 2147483647;
			files = (
			);
			runOnlyForDeploymentPostprocessing = 0;
		};
/* End PBXFrameworksBuildPhase section */

/* Begin PBXGroup section */
		C4F3E0672C534FB900D27D3F = {
			isa = PBXGroup;
			children = (
				C4F3E0722C534FB900D27D3F /* MovieDirectory */,
				C4F3E0712C534FB900D27D3F /* Products */,
			);
			sourceTree = "<group>";
		};
		C4F3E0712C534FB900D27D3F /* Products */ = {
			isa = PBXGroup;
			children = (
				C4F3E0702C534FB900D27D3F /* MovieDirectory.app */,
			);
			name = Products;
			sourceTree = "<group>";
		};
		C4F3E0722C534FB900D27D3F /* MovieDirectory */ = {
			isa = PBXGroup;
			children = (
				C4F3E09B2C552ED000D27D3F /* Helper Classes */,
				C4F3E0962C54D5FB00D27D3F /* ViewModel */,
				C4F3E0932C54D03C00D27D3F /* View */,
				C4F3E08E2C54CA1000D27D3F /* CustomCells */,
				C4F3E08A2C53FB8600D27D3F /* APIManager.swift */,
				C4F3E08C2C53FDA700D27D3F /* Constants.swift */,
				C4F3E0872C53F8BC00D27D3F /* Model */,
				C4F3E0732C534FB900D27D3F /* AppDelegate.swift */,
				C4F3E0752C534FB900D27D3F /* SceneDelegate.swift */,
				C4F3E0792C534FB900D27D3F /* Main.storyboard */,
				C4F3E07C2C534FBA00D27D3F /* Assets.xcassets */,
				C4F3E07E2C534FBA00D27D3F /* LaunchScreen.storyboard */,
				C4F3E0812C534FBA00D27D3F /* Info.plist */,
			);
			path = MovieDirectory;
			sourceTree = "<group>";
		};
		C4F3E0872C53F8BC00D27D3F /* Model */ = {
			isa = PBXGroup;
			children = (
				C4F3E0882C53F8D400D27D3F /* MovieDetails.swift */,
				C4F3E0992C55157B00D27D3F /* MovieSearch.swift */,
				C4F3E0A02C56101F00D27D3F /* Movie.swift */,
			);
			path = Model;
			sourceTree = "<group>";
		};
		C4F3E08E2C54CA1000D27D3F /* CustomCells */ = {
			isa = PBXGroup;
			children = (
				C4F3E08F2C54CA3A00D27D3F /* MovieCollectionViewCell.swift */,
				C4F3E0902C54CA3A00D27D3F /* MovieCollectionViewCell.xib */,
				C4F3E0A42C564DC100D27D3F /* MovieDetailTableCell.swift */,
				C4F3E0A52C564DC100D27D3F /* MovieDetailTableCell.xib */,
			);
			path = CustomCells;
			sourceTree = "<group>";
		};
		C4F3E0932C54D03C00D27D3F /* View */ = {
			isa = PBXGroup;
			children = (
				C4F3E0942C54D07400D27D3F /* HomeSearchVC.swift */,
				C4F3E09E2C560BF300D27D3F /* MovieDetailVC.swift */,
			);
			path = View;
			sourceTree = "<group>";
		};
		C4F3E0962C54D5FB00D27D3F /* ViewModel */ = {
			isa = PBXGroup;
			children = (
				C4F3E0972C54D71F00D27D3F /* HomeViewModel.swift */,
				C4F3E0A22C5613EA00D27D3F /* MovieDetailViewModel.swift */,
			);
			path = ViewModel;
			sourceTree = "<group>";
		};
		C4F3E09B2C552ED000D27D3F /* Helper Classes */ = {
			isa = PBXGroup;
			children = (
				C4F3E09C2C552EFE00D27D3F /* UIImageViewHelper.swift */,
			);
			path = "Helper Classes";
			sourceTree = "<group>";
		};
/* End PBXGroup section */

/* Begin PBXNativeTarget section */
		C4F3E06F2C534FB900D27D3F /* MovieDirectory */ = {
			isa = PBXNativeTarget;
			buildConfigurationList = C4F3E0842C534FBA00D27D3F /* Build configuration list for PBXNativeTarget "MovieDirectory" */;
			buildPhases = (
				C4F3E06C2C534FB900D27D3F /* Sources */,
				C4F3E06D2C534FB900D27D3F /* Frameworks */,
				C4F3E06E2C534FB900D27D3F /* Resources */,
			);
			buildRules = (
			);
			dependencies = (
			);
			name = MovieDirectory;
			productName = MovieDirectory;
			productReference = C4F3E0702C534FB900D27D3F /* MovieDirectory.app */;
			productType = "com.apple.product-type.application";
		};
/* End PBXNativeTarget section */

/* Begin PBXProject section */
		C4F3E0682C534FB900D27D3F /* Project object */ = {
			isa = PBXProject;
			attributes = {
				BuildIndependentTargetsInParallel = 1;
				LastSwiftUpdateCheck = 1540;
				LastUpgradeCheck = 1540;
				TargetAttributes = {
					C4F3E06F2C534FB900D27D3F = {
						CreatedOnToolsVersion = 15.4;
					};
				};
			};
			buildConfigurationList = C4F3E06B2C534FB900D27D3F /* Build configuration list for PBXProject "MovieDirectory" */;
			compatibilityVersion = "Xcode 14.0";
			developmentRegion = en;
			hasScannedForEncodings = 0;
			knownRegions = (
				en,
				Base,
			);
			mainGroup = C4F3E0672C534FB900D27D3F;
			productRefGroup = C4F3E0712C534FB900D27D3F /* Products */;
			projectDirPath = "";
			projectRoot = "";
			targets = (
				C4F3E06F2C534FB900D27D3F /* MovieDirectory */,
			);
		};
/* End PBXProject section */

/* Begin PBXResourcesBuildPhase section */
		C4F3E06E2C534FB900D27D3F /* Resources */ = {
			isa = PBXResourcesBuildPhase;
			buildActionMask = 2147483647;
			files = (
				C4F3E07D2C534FBA00D27D3F /* Assets.xcassets in Resources */,
				C4F3E0802C534FBA00D27D3F /* Base in Resources */,
				C4F3E07B2C534FB900D27D3F /* Base in Resources */,
				C4F3E0922C54CA3A00D27D3F /* MovieCollectionViewCell.xib in Resources */,
				C4F3E0A72C564DC100D27D3F /* MovieDetailTableCell.xib in Resources */,
			);
			runOnlyForDeploymentPostprocessing = 0;
		};
/* End PBXResourcesBuildPhase section */

/* Begin PBXSourcesBuildPhase section */
		C4F3E06C2C534FB900D27D3F /* Sources */ = {
			isa = PBXSourcesBuildPhase;
			buildActionMask = 2147483647;
			files = (
				C4F3E09D2C552EFE00D27D3F /* UIImageViewHelper.swift in Sources */,
				C4F3E0982C54D71F00D27D3F /* HomeViewModel.swift in Sources */,
				C4F3E0742C534FB900D27D3F /* AppDelegate.swift in Sources */,
				C4F3E08B2C53FB8600D27D3F /* APIManager.swift in Sources */,
				C4F3E0762C534FB900D27D3F /* SceneDelegate.swift in Sources */,
				C4F3E0912C54CA3A00D27D3F /* MovieCollectionViewCell.swift in Sources */,
				C4F3E09A2C55157B00D27D3F /* MovieSearch.swift in Sources */,
				C4F3E0A12C56101F00D27D3F /* Movie.swift in Sources */,
				C4F3E0A62C564DC100D27D3F /* MovieDetailTableCell.swift in Sources */,
				C4F3E0952C54D07400D27D3F /* HomeSearchVC.swift in Sources */,
				C4F3E0892C53F8D400D27D3F /* MovieDetails.swift in Sources */,
				C4F3E09F2C560BF300D27D3F /* MovieDetailVC.swift in Sources */,
				C4F3E0A32C5613EA00D27D3F /* MovieDetailViewModel.swift in Sources */,
				C4F3E08D2C53FDA700D27D3F /* Constants.swift in Sources */,
			);
			runOnlyForDeploymentPostprocessing = 0;
		};
/* End PBXSourcesBuildPhase section */

/* Begin PBXVariantGroup section */
		C4F3E0792C534FB900D27D3F /* Main.storyboard */ = {
			isa = PBXVariantGroup;
			children = (
				C4F3E07A2C534FB900D27D3F /* Base */,
			);
			name = Main.storyboard;
			sourceTree = "<group>";
		};
		C4F3E07E2C534FBA00D27D3F /* LaunchScreen.storyboard */ = {
			isa = PBXVariantGroup;
			children = (
				C4F3E07F2C534FBA00D27D3F /* Base */,
			);
			name = LaunchScreen.storyboard;
			sourceTree = "<group>";
		};
/* End PBXVariantGroup section */

/* Begin XCBuildConfiguration section */
		C4F3E0822C534FBA00D27D3F /* Debug */ = {
			isa = XCBuildConfiguration;
			buildSettings = {
				ALWAYS_SEARCH_USER_PATHS = NO;
				ASSETCATALOG_COMPILER_GENERATE_SWIFT_ASSET_SYMBOL_EXTENSIONS = YES;
				CLANG_ANALYZER_NONNULL = YES;
				CLANG_ANALYZER_NUMBER_OBJECT_CONVERSION = YES_AGGRESSIVE;
				CLANG_CXX_LANGUAGE_STANDARD = "gnu++20";
				CLANG_ENABLE_MODULES = YES;
				CLANG_ENABLE_OBJC_ARC = YES;
				CLANG_ENABLE_OBJC_WEAK = YES;
				CLANG_WARN_BLOCK_CAPTURE_AUTORELEASING = YES;
				CLANG_WARN_BOOL_CONVERSION = YES;
				CLANG_WARN_COMMA = YES;
				CLANG_WARN_CONSTANT_CONVERSION = YES;
				CLANG_WARN_DEPRECATED_OBJC_IMPLEMENTATIONS = YES;
				CLANG_WARN_DIRECT_OBJC_ISA_USAGE = YES_ERROR;
				CLANG_WARN_DOCUMENTATION_COMMENTS = YES;
				CLANG_WARN_EMPTY_BODY = YES;
				CLANG_WARN_ENUM_CONVERSION = YES;
				CLANG_WARN_INFINITE_RECURSION = YES;
				CLANG_WARN_INT_CONVERSION = YES;
				CLANG_WARN_NON_LITERAL_NULL_CONVERSION = YES;
				CLANG_WARN_OBJC_IMPLICIT_RETAIN_SELF = YES;
				CLANG_WARN_OBJC_LITERAL_CONVERSION = YES;
				CLANG_WARN_OBJC_ROOT_CLASS = YES_ERROR;
				CLANG_WARN_QUOTED_INCLUDE_IN_FRAMEWORK_HEADER = YES;
				CLANG_WARN_RANGE_LOOP_ANALYSIS = YES;
				CLANG_WARN_STRICT_PROTOTYPES = YES;
				CLANG_WARN_SUSPICIOUS_MOVE = YES;
				CLANG_WARN_UNGUARDED_AVAILABILITY = YES_AGGRESSIVE;
				CLANG_WARN_UNREACHABLE_CODE = YES;
				CLANG_WARN__DUPLICATE_METHOD_MATCH = YES;
				COPY_PHASE_STRIP = NO;
				DEBUG_INFORMATION_FORMAT = dwarf;
				ENABLE_STRICT_OBJC_MSGSEND = YES;
				ENABLE_TESTABILITY = YES;
				ENABLE_USER_SCRIPT_SANDBOXING = YES;
				GCC_C_LANGUAGE_STANDARD = gnu17;
				GCC_DYNAMIC_NO_PIC = NO;
				GCC_NO_COMMON_BLOCKS = YES;
				GCC_OPTIMIZATION_LEVEL = 0;
				GCC_PREPROCESSOR_DEFINITIONS = (
					"DEBUG=1",
					"$(inherited)",
				);
				GCC_WARN_64_TO_32_BIT_CONVERSION = YES;
				GCC_WARN_ABOUT_RETURN_TYPE = YES_ERROR;
				GCC_WARN_UNDECLARED_SELECTOR = YES;
				GCC_WARN_UNINITIALIZED_AUTOS = YES_AGGRESSIVE;
				GCC_WARN_UNUSED_FUNCTION = YES;
				GCC_WARN_UNUSED_VARIABLE = YES;
				IPHONEOS_DEPLOYMENT_TARGET = 17.5;
				LOCALIZATION_PREFERS_STRING_CATALOGS = YES;
				MTL_ENABLE_DEBUG_INFO = INCLUDE_SOURCE;
				MTL_FAST_MATH = YES;
				ONLY_ACTIVE_ARCH = YES;
				SDKROOT = iphoneos;
				SWIFT_ACTIVE_COMPILATION_CONDITIONS = "DEBUG $(inherited)";
				SWIFT_OPTIMIZATION_LEVEL = "-Onone";
			};
			name = Debug;
		};
		C4F3E0832C534FBA00D27D3F /* Release */ = {
			isa = XCBuildConfiguration;
			buildSettings = {
				ALWAYS_SEARCH_USER_PATHS = NO;
				ASSETCATALOG_COMPILER_GENERATE_SWIFT_ASSET_SYMBOL_EXTENSIONS = YES;
				CLANG_ANALYZER_NONNULL = YES;
				CLANG_ANALYZER_NUMBER_OBJECT_CONVERSION = YES_AGGRESSIVE;
				CLANG_CXX_LANGUAGE_STANDARD = "gnu++20";
				CLANG_ENABLE_MODULES = YES;
				CLANG_ENABLE_OBJC_ARC = YES;
				CLANG_ENABLE_OBJC_WEAK = YES;
				CLANG_WARN_BLOCK_CAPTURE_AUTORELEASING = YES;
				CLANG_WARN_BOOL_CONVERSION = YES;
				CLANG_WARN_COMMA = YES;
				CLANG_WARN_CONSTANT_CONVERSION = YES;
				CLANG_WARN_DEPRECATED_OBJC_IMPLEMENTATIONS = YES;
				CLANG_WARN_DIRECT_OBJC_ISA_USAGE = YES_ERROR;
				CLANG_WARN_DOCUMENTATION_COMMENTS = YES;
				CLANG_WARN_EMPTY_BODY = YES;
				CLANG_WARN_ENUM_CONVERSION = YES;
				CLANG_WARN_INFINITE_RECURSION = YES;
				CLANG_WARN_INT_CONVERSION = YES;
				CLANG_WARN_NON_LITERAL_NULL_CONVERSION = YES;
				CLANG_WARN_OBJC_IMPLICIT_RETAIN_SELF = YES;
				CLANG_WARN_OBJC_LITERAL_CONVERSION = YES;
				CLANG_WARN_OBJC_ROOT_CLASS = YES_ERROR;
				CLANG_WARN_QUOTED_INCLUDE_IN_FRAMEWORK_HEADER = YES;
				CLANG_WARN_RANGE_LOOP_ANALYSIS = YES;
				CLANG_WARN_STRICT_PROTOTYPES = YES;
				CLANG_WARN_SUSPICIOUS_MOVE = YES;
				CLANG_WARN_UNGUARDED_AVAILABILITY = YES_AGGRESSIVE;
				CLANG_WARN_UNREACHABLE_CODE = YES;
				CLANG_WARN__DUPLICATE_METHOD_MATCH = YES;
				COPY_PHASE_STRIP = NO;
				DEBUG_INFORMATION_FORMAT = "dwarf-with-dsym";
				ENABLE_NS_ASSERTIONS = NO;
				ENABLE_STRICT_OBJC_MSGSEND = YES;
				ENABLE_USER_SCRIPT_SANDBOXING = YES;
				GCC_C_LANGUAGE_STANDARD = gnu17;
				GCC_NO_COMMON_BLOCKS = YES;
				GCC_WARN_64_TO_32_BIT_CONVERSION = YES;
				GCC_WARN_ABOUT_RETURN_TYPE = YES_ERROR;
				GCC_WARN_UNDECLARED_SELECTOR = YES;
				GCC_WARN_UNINITIALIZED_AUTOS = YES_AGGRESSIVE;
				GCC_WARN_UNUSED_FUNCTION = YES;
				GCC_WARN_UNUSED_VARIABLE = YES;
				IPHONEOS_DEPLOYMENT_TARGET = 17.5;
				LOCALIZATION_PREFERS_STRING_CATALOGS = YES;
				MTL_ENABLE_DEBUG_INFO = NO;
				MTL_FAST_MATH = YES;
				SDKROOT = iphoneos;
				SWIFT_COMPILATION_MODE = wholemodule;
				VALIDATE_PRODUCT = YES;
			};
			name = Release;
		};
		C4F3E0852C534FBA00D27D3F /* Debug */ = {
			isa = XCBuildConfiguration;
			buildSettings = {
				ASSETCATALOG_COMPILER_APPICON_NAME = AppIcon;
				ASSETCATALOG_COMPILER_GLOBAL_ACCENT_COLOR_NAME = AccentColor;
				ASSETCATALOG_COMPILER_INCLUDE_ALL_APPICON_ASSETS = YES;
				CODE_SIGN_STYLE = Automatic;
				CURRENT_PROJECT_VERSION = 1;
				DEVELOPMENT_TEAM = 645239W7UU;
				GENERATE_INFOPLIST_FILE = YES;
				INFOPLIST_FILE = MovieDirectory/Info.plist;
				INFOPLIST_KEY_UIApplicationSupportsIndirectInputEvents = YES;
				INFOPLIST_KEY_UILaunchStoryboardName = LaunchScreen;
				INFOPLIST_KEY_UIMainStoryboardFile = Main;
				INFOPLIST_KEY_UISupportedInterfaceOrientations_iPad = "UIInterfaceOrientationPortrait UIInterfaceOrientationPortraitUpsideDown UIInterfaceOrientationLandscapeLeft UIInterfaceOrientationLandscapeRight";
				INFOPLIST_KEY_UISupportedInterfaceOrientations_iPhone = "UIInterfaceOrientationPortrait UIInterfaceOrientationLandscapeLeft UIInterfaceOrientationLandscapeRight";
				IPHONEOS_DEPLOYMENT_TARGET = 16.0;
				LD_RUNPATH_SEARCH_PATHS = (
					"$(inherited)",
					"@executable_path/Frameworks",
				);
				MARKETING_VERSION = 1.0;
				PRODUCT_BUNDLE_IDENTIFIER = loco.MovieDirectory;
				PRODUCT_NAME = "$(TARGET_NAME)";
				SWIFT_EMIT_LOC_STRINGS = YES;
				SWIFT_VERSION = 5.0;
				TARGETED_DEVICE_FAMILY = "1,2";
			};
			name = Debug;
		};
		C4F3E0862C534FBA00D27D3F /* Release */ = {
			isa = XCBuildConfiguration;
			buildSettings = {
				ASSETCATALOG_COMPILER_APPICON_NAME = AppIcon;
				ASSETCATALOG_COMPILER_GLOBAL_ACCENT_COLOR_NAME = AccentColor;
				ASSETCATALOG_COMPILER_INCLUDE_ALL_APPICON_ASSETS = YES;
				CODE_SIGN_STYLE = Automatic;
				CURRENT_PROJECT_VERSION = 1;
				DEVELOPMENT_TEAM = 645239W7UU;
				GENERATE_INFOPLIST_FILE = YES;
				INFOPLIST_FILE = MovieDirectory/Info.plist;
				INFOPLIST_KEY_UIApplicationSupportsIndirectInputEvents = YES;
				INFOPLIST_KEY_UILaunchStoryboardName = LaunchScreen;
				INFOPLIST_KEY_UIMainStoryboardFile = Main;
				INFOPLIST_KEY_UISupportedInterfaceOrientations_iPad = "UIInterfaceOrientationPortrait UIInterfaceOrientationPortraitUpsideDown UIInterfaceOrientationLandscapeLeft UIInterfaceOrientationLandscapeRight";
				INFOPLIST_KEY_UISupportedInterfaceOrientations_iPhone = "UIInterfaceOrientationPortrait UIInterfaceOrientationLandscapeLeft UIInterfaceOrientationLandscapeRight";
				IPHONEOS_DEPLOYMENT_TARGET = 16.0;
				LD_RUNPATH_SEARCH_PATHS = (
					"$(inherited)",
					"@executable_path/Frameworks",
				);
				MARKETING_VERSION = 1.0;
				PRODUCT_BUNDLE_IDENTIFIER = loco.MovieDirectory;
				PRODUCT_NAME = "$(TARGET_NAME)";
				SWIFT_EMIT_LOC_STRINGS = YES;
				SWIFT_VERSION = 5.0;
				TARGETED_DEVICE_FAMILY = "1,2";
			};
			name = Release;
		};
/* End XCBuildConfiguration section */

/* Begin XCConfigurationList section */
		C4F3E06B2C534FB900D27D3F /* Build configuration list for PBXProject "MovieDirectory" */ = {
			isa = XCConfigurationList;
			buildConfigurations = (
				C4F3E0822C534FBA00D27D3F /* Debug */,
				C4F3E0832C534FBA00D27D3F /* Release */,
			);
			defaultConfigurationIsVisible = 0;
			defaultConfigurationName = Release;
		};
		C4F3E0842C534FBA00D27D3F /* Build configuration list for PBXNativeTarget "MovieDirectory" */ = {
			isa = XCConfigurationList;
			buildConfigurations = (
				C4F3E0852C534FBA00D27D3F /* Debug */,
				C4F3E0862C534FBA00D27D3F /* Release */,
			);
			defaultConfigurationIsVisible = 0;
			defaultConfigurationName = Release;
		};
/* End XCConfigurationList section */
	};
	rootObject = C4F3E0682C534FB900D27D3F /* Project object */;
}
